
Microsoft Visual Studio Solution File, Format Version 12.00
# Visual Studio Version 16
VisualStudioVersion = 16.0.30907.101
MinimumVisualStudioVersion = 10.0.40219.1
Project("{FAE04EC0-301F-11D3-BF4B-00C04F79EFBC}") = "IgricaBrojevi", "IgricaBrojevi\IgricaBrojevi.csproj", "{1AD275A1-959B-46D9-8883-117F552D6DDF}"
EndProject
Global
	GlobalSection(SolutionConfigurationPlatforms) = preSolution
		Debug|Any CPU = Debug|Any CPU
		Release|Any CPU = Release|Any CPU
	EndGlobalSection
	GlobalSection(ProjectConfigurationPlatforms) = postSolution
		{1AD275A1-959B-46D9-8883-117F552D6DDF}.Debug|Any CPU.ActiveCfg = Debug|Any CPU
		{1AD275A1-959B-46D9-8883-117F552D6DDF}.Debug|Any CPU.Build.0 = Debug|Any CPU
		{1AD275A1-959B-46D9-8883-117F552D6DDF}.Release|Any CPU.ActiveCfg = Release|Any CPU
		{1AD275A1-959B-46D9-8883-117F552D6DDF}.Release|Any CPU.Build.0 = Release|Any CPU
	EndGlobalSection
	GlobalSection(SolutionProperties) = preSolution
		HideSolutionNode = FALSE
	EndGlobalSection
	GlobalSection(ExtensibilityGlobals) = postSolution
		SolutionGuid = {411B3E7A-F28B-4C15-A163-18E1032BEFD6}
	EndGlobalSection
EndGlobal
